# IF THERE'S A GIT CONFLICT IN THIS FILE, DON'T SOLVE IT MANUALLY!
# INSTEAD EXECUTE `prisma2 migrate fix`
# Prisma Migrate lockfile v1
# Read more about conflict resolution here: TODO

20200319193650-add-comment-model
20200319195102-add-track
20200320154855-test
20200320155516-add-album
20200320165055-add-track-artist-connection
20200324133356-add-metadata-table
20200324133431-upd-metadata-table-name
20200324135129-connect-track-to-metadata
20200324135942-change-metadat-name
20200324140313-change-metadat-namasdfdsfe
20200324141117-cdfd
20200324141825-cdfddd
20200403130105-update-type